{
  "pins" : [
    {
      "identity" : "activityindicatorview",
      "kind" : "remoteSourceControl",
      "location" : "https://github.com/exyte/ActivityIndicatorView.git",
      "state" : {
        "branch" : "master",
        "revision" : "b90e88d4e9b17aa391e101384f461543dcae8c45"
      }
    },
    {
      "identity" : "elephant",
      "kind" : "remoteSourceControl",
      "location" : "https://github.com/s2mr/Elephant.git",
      "state" : {
        "revision" : "c6cb1d4e39a3cceadf44c0b95e11230e3eec0904",
        "version" : "0.1.2"
      }
    },
    {
      "identity" : "ftimagesize",
      "kind" : "remoteSourceControl",
      "location" : "https://github.com/liufengting/FTImageSize",
      "state" : {
        "revision" : "fb0a9d3083f2bbf4129dfc1e312187e73fff4f54",
        "version" : "0.0.6"
      }
    },
    {
      "identity" : "kingfisher",
      "kind" : "remoteSourceControl",
      "location" : "https://github.com/onevcat/Kingfisher",
      "state" : {
        "branch" : "master",
        "revision" : "99726553bede2d32befaaa36d6b3b6d83a45645a"
      }
    },
    {
      "identity" : "swiftui-shimmer",
      "kind" : "remoteSourceControl",
      "location" : "https://github.com/markiv/SwiftUI-Shimmer.git",
      "state" : {
        "branch" : "main",
        "revision" : "965a7cbcbf094cbcf22b9251a2323bdc3432e171"
      }
    },
    {
      "identity" : "swiftuifonticon",
      "kind" : "remoteSourceControl",
      "location" : "https://github.com/huybuidac/SwiftUIFontIcon",
      "state" : {
        "branch" : "master",
        "revision" : "4f170fbf443d985ae518a14a12ec8194ec6b08eb"
      }
    },
    {
      "identity" : "swiftwebvtt",
      "kind" : "remoteSourceControl",
      "location" : "https://github.com/thisIsTheFoxe/SwiftWebVTT",
      "state" : {
        "branch" : "main",
        "revision" : "a02faf7e8ba5d1369e390661768482618581c192"
      }
    }
  ],
  "version" : 2
}
