// !$*UTF8*$!
{
	archiveVersion = 1;
	classes = {
	};
	objectVersion = 56;
	objects = {

/* Begin PBXBuildFile section */
		E95E84E8298EA10F0051D834 /* Info.swift in Sources */ = {isa = PBXBuildFile; fileRef = E95E84E7298EA10F0051D834 /* Info.swift */; };
		E95E84EA298EA1100051D834 /* Assets.xcassets in Resources */ = {isa = PBXBuildFile; fileRef = E95E84E9298EA1100051D834 /* Assets.xcassets */; };
		E95E84EE298EA1100051D834 /* Preview Assets.xcassets in Resources */ = {isa = PBXBuildFile; fileRef = E95E84ED298EA1100051D834 /* Preview Assets.xcassets */; };
		E95E84F8298EA1100051D834 /* Saikou_BetaTests.swift in Sources */ = {isa = PBXBuildFile; fileRef = E95E84F7298EA1100051D834 /* Saikou_BetaTests.swift */; };
		E95E8502298EA1100051D834 /* Saikou_BetaUITests.swift in Sources */ = {isa = PBXBuildFile; fileRef = E95E8501298EA1100051D834 /* Saikou_BetaUITests.swift */; };
		E95E8504298EA1100051D834 /* Saikou_BetaUITestsLaunchTests.swift in Sources */ = {isa = PBXBuildFile; fileRef = E95E8503298EA1100051D834 /* Saikou_BetaUITestsLaunchTests.swift */; };
		E95E8512298EA1840051D834 /* Kingfisher in Frameworks */ = {isa = PBXBuildFile; productRef = E95E8511298EA1840051D834 /* Kingfisher */; };
		E95E8515298EE24D0051D834 /* Shimmer in Frameworks */ = {isa = PBXBuildFile; productRef = E95E8514298EE24D0051D834 /* Shimmer */; };
		E95E8517298EEB5F0051D834 /* Watch.swift in Sources */ = {isa = PBXBuildFile; fileRef = E95E8516298EEB5F0051D834 /* Watch.swift */; };
		E95E851A298EEB7E0051D834 /* SwiftUIFontIcon in Frameworks */ = {isa = PBXBuildFile; productRef = E95E8519298EEB7E0051D834 /* SwiftUIFontIcon */; };
		E95E851D298EEBB10051D834 /* SwiftWebVTT in Frameworks */ = {isa = PBXBuildFile; productRef = E95E851C298EEBB10051D834 /* SwiftWebVTT */; };
		E95E8520298EEBC60051D834 /* ActivityIndicatorView in Frameworks */ = {isa = PBXBuildFile; productRef = E95E851F298EEBC60051D834 /* ActivityIndicatorView */; };
		E95E8524298EECDB0051D834 /* AppDelegate.swift in Sources */ = {isa = PBXBuildFile; fileRef = E95E8521298EECDA0051D834 /* AppDelegate.swift */; };
		E95E8525298EECDB0051D834 /* HostingController.swift in Sources */ = {isa = PBXBuildFile; fileRef = E95E8522298EECDA0051D834 /* HostingController.swift */; };
		E95E8526298EECDB0051D834 /* SceneDelegate.swift in Sources */ = {isa = PBXBuildFile; fileRef = E95E8523298EECDA0051D834 /* SceneDelegate.swift */; };
		E95E8528298EECFB0051D834 /* DataController.swift in Sources */ = {isa = PBXBuildFile; fileRef = E95E8527298EECFB0051D834 /* DataController.swift */; };
		E95E852C298EF0C50051D834 /* Search.swift in Sources */ = {isa = PBXBuildFile; fileRef = E95E852B298EF0C50051D834 /* Search.swift */; };
		E98FE1C629959A8F00909E8D /* Notifications.swift in Sources */ = {isa = PBXBuildFile; fileRef = E98FE1C529959A8F00909E8D /* Notifications.swift */; };
		E98FE1CD2999380D00909E8D /* AnilistApiService.swift in Sources */ = {isa = PBXBuildFile; fileRef = E98FE1CC2999380D00909E8D /* AnilistApiService.swift */; };
		E98FE1CF299938B000909E8D /* AnilistRepository.swift in Sources */ = {isa = PBXBuildFile; fileRef = E98FE1CE299938B000909E8D /* AnilistRepository.swift */; };
		E98FE1D12999398800909E8D /* InfoViewModel.swift in Sources */ = {isa = PBXBuildFile; fileRef = E98FE1D02999398800909E8D /* InfoViewModel.swift */; };
		E98FE1D629993AAE00909E8D /* InfoData.swift in Sources */ = {isa = PBXBuildFile; fileRef = E98FE1D529993AAE00909E8D /* InfoData.swift */; };
		E98FE1D829993AD000909E8D /* Title.swift in Sources */ = {isa = PBXBuildFile; fileRef = E98FE1D729993AD000909E8D /* Title.swift */; };
		E98FE1DA29993AE300909E8D /* Date.swift in Sources */ = {isa = PBXBuildFile; fileRef = E98FE1D929993AE300909E8D /* Date.swift */; };
		E98FE1DC29993AF400909E8D /* AiringDate.swift in Sources */ = {isa = PBXBuildFile; fileRef = E98FE1DB29993AF400909E8D /* AiringDate.swift */; };
		E98FE1DF29993B1400909E8D /* Trailer.swift in Sources */ = {isa = PBXBuildFile; fileRef = E98FE1DE29993B1400909E8D /* Trailer.swift */; };
		E98FE1E129993B2C00909E8D /* Episode.swift in Sources */ = {isa = PBXBuildFile; fileRef = E98FE1E029993B2C00909E8D /* Episode.swift */; };
		E98FE1E329993B3F00909E8D /* Character.swift in Sources */ = {isa = PBXBuildFile; fileRef = E98FE1E229993B3F00909E8D /* Character.swift */; };
		E98FE1E529993B4F00909E8D /* Name.swift in Sources */ = {isa = PBXBuildFile; fileRef = E98FE1E429993B4F00909E8D /* Name.swift */; };
		E98FE1E829993B6900909E8D /* VoiceActor.swift in Sources */ = {isa = PBXBuildFile; fileRef = E98FE1E729993B6900909E8D /* VoiceActor.swift */; };
		E98FE1EA29993B7700909E8D /* Related.swift in Sources */ = {isa = PBXBuildFile; fileRef = E98FE1E929993B7700909E8D /* Related.swift */; };
		E98FE1EC29993B8500909E8D /* Recommended.swift in Sources */ = {isa = PBXBuildFile; fileRef = E98FE1EB29993B8500909E8D /* Recommended.swift */; };
		E98FE1EF29993B9E00909E8D /* SearchResults.swift in Sources */ = {isa = PBXBuildFile; fileRef = E98FE1EE29993B9E00909E8D /* SearchResults.swift */; };
		E98FE1F129993BB700909E8D /* SearchData.swift in Sources */ = {isa = PBXBuildFile; fileRef = E98FE1F029993BB700909E8D /* SearchData.swift */; };
		E98FE1F42999407F00909E8D /* AnilistFetchError.swift in Sources */ = {isa = PBXBuildFile; fileRef = E98FE1F32999407F00909E8D /* AnilistFetchError.swift */; };
		E98FE1F62999419A00909E8D /* InfoFetchResult.swift in Sources */ = {isa = PBXBuildFile; fileRef = E98FE1F52999419A00909E8D /* InfoFetchResult.swift */; };
		E98FE1F8299941E300909E8D /* SearchFetchResult.swift in Sources */ = {isa = PBXBuildFile; fileRef = E98FE1F7299941E300909E8D /* SearchFetchResult.swift */; };
		E98FE1FA2999429800909E8D /* EpisodeFetchResult.swift in Sources */ = {isa = PBXBuildFile; fileRef = E98FE1F92999429800909E8D /* EpisodeFetchResult.swift */; };
		E98FE1FC299946CC00909E8D /* SearchViewModel.swift in Sources */ = {isa = PBXBuildFile; fileRef = E98FE1FB299946CC00909E8D /* SearchViewModel.swift */; };
		E98FE1FE299947D800909E8D /* WatchViewModel.swift in Sources */ = {isa = PBXBuildFile; fileRef = E98FE1FD299947D800909E8D /* WatchViewModel.swift */; };
		E98FE201299948BB00909E8D /* Dropdown.swift in Sources */ = {isa = PBXBuildFile; fileRef = E98FE200299948BB00909E8D /* Dropdown.swift */; };
		E98FE20329994FFD00909E8D /* ContinueWatchingCard.swift in Sources */ = {isa = PBXBuildFile; fileRef = E98FE20229994FFD00909E8D /* ContinueWatchingCard.swift */; };
		E98FE205299950FA00909E8D /* EpisodePaginationChip.swift in Sources */ = {isa = PBXBuildFile; fileRef = E98FE204299950FA00909E8D /* EpisodePaginationChip.swift */; };
		E98FE207299952C400909E8D /* EpisodeCard.swift in Sources */ = {isa = PBXBuildFile; fileRef = E98FE206299952C400909E8D /* EpisodeCard.swift */; };
		E98FE209299966C500909E8D /* TopView.swift in Sources */ = {isa = PBXBuildFile; fileRef = E98FE208299966C500909E8D /* TopView.swift */; };
		E98FE20B2999683700909E8D /* FillAspectImage.swift in Sources */ = {isa = PBXBuildFile; fileRef = E98FE20A2999683700909E8D /* FillAspectImage.swift */; };
/* End PBXBuildFile section */

/* Begin PBXContainerItemProxy section */
		E95E84F4298EA1100051D834 /* PBXContainerItemProxy */ = {
			isa = PBXContainerItemProxy;
			containerPortal = E95E84DA298EA10F0051D834 /* Project object */;
			proxyType = 1;
			remoteGlobalIDString = E95E84E1298EA10F0051D834;
			remoteInfo = "Saikou Beta";
		};
		E95E84FE298EA1100051D834 /* PBXContainerItemProxy */ = {
			isa = PBXContainerItemProxy;
			containerPortal = E95E84DA298EA10F0051D834 /* Project object */;
			proxyType = 1;
			remoteGlobalIDString = E95E84E1298EA10F0051D834;
			remoteInfo = "Saikou Beta";
		};
/* End PBXContainerItemProxy section */

/* Begin PBXFileReference section */
		E95E84E2298EA10F0051D834 /* Saikou Beta.app */ = {isa = PBXFileReference; explicitFileType = wrapper.application; includeInIndex = 0; path = "Saikou Beta.app"; sourceTree = BUILT_PRODUCTS_DIR; };
		E95E84E7298EA10F0051D834 /* Info.swift */ = {isa = PBXFileReference; lastKnownFileType = sourcecode.swift; path = Info.swift; sourceTree = "<group>"; };
		E95E84E9298EA1100051D834 /* Assets.xcassets */ = {isa = PBXFileReference; lastKnownFileType = folder.assetcatalog; path = Assets.xcassets; sourceTree = "<group>"; };
		E95E84EB298EA1100051D834 /* Saikou_Beta.entitlements */ = {isa = PBXFileReference; lastKnownFileType = text.plist.entitlements; path = Saikou_Beta.entitlements; sourceTree = "<group>"; };
		E95E84ED298EA1100051D834 /* Preview Assets.xcassets */ = {isa = PBXFileReference; lastKnownFileType = folder.assetcatalog; path = "Preview Assets.xcassets"; sourceTree = "<group>"; };
		E95E84F3298EA1100051D834 /* Saikou BetaTests.xctest */ = {isa = PBXFileReference; explicitFileType = wrapper.cfbundle; includeInIndex = 0; path = "Saikou BetaTests.xctest"; sourceTree = BUILT_PRODUCTS_DIR; };
		E95E84F7298EA1100051D834 /* Saikou_BetaTests.swift */ = {isa = PBXFileReference; lastKnownFileType = sourcecode.swift; path = Saikou_BetaTests.swift; sourceTree = "<group>"; };
		E95E84FD298EA1100051D834 /* Saikou BetaUITests.xctest */ = {isa = PBXFileReference; explicitFileType = wrapper.cfbundle; includeInIndex = 0; path = "Saikou BetaUITests.xctest"; sourceTree = BUILT_PRODUCTS_DIR; };
		E95E8501298EA1100051D834 /* Saikou_BetaUITests.swift */ = {isa = PBXFileReference; lastKnownFileType = sourcecode.swift; path = Saikou_BetaUITests.swift; sourceTree = "<group>"; };
		E95E8503298EA1100051D834 /* Saikou_BetaUITestsLaunchTests.swift */ = {isa = PBXFileReference; lastKnownFileType = sourcecode.swift; path = Saikou_BetaUITestsLaunchTests.swift; sourceTree = "<group>"; };
		E95E8516298EEB5F0051D834 /* Watch.swift */ = {isa = PBXFileReference; lastKnownFileType = sourcecode.swift; path = Watch.swift; sourceTree = "<group>"; };
		E95E8521298EECDA0051D834 /* AppDelegate.swift */ = {isa = PBXFileReference; fileEncoding = 4; lastKnownFileType = sourcecode.swift; path = AppDelegate.swift; sourceTree = "<group>"; };
		E95E8522298EECDA0051D834 /* HostingController.swift */ = {isa = PBXFileReference; fileEncoding = 4; lastKnownFileType = sourcecode.swift; path = HostingController.swift; sourceTree = "<group>"; };
		E95E8523298EECDA0051D834 /* SceneDelegate.swift */ = {isa = PBXFileReference; fileEncoding = 4; lastKnownFileType = sourcecode.swift; path = SceneDelegate.swift; sourceTree = "<group>"; };
		E95E8527298EECFB0051D834 /* DataController.swift */ = {isa = PBXFileReference; fileEncoding = 4; lastKnownFileType = sourcecode.swift; path = DataController.swift; sourceTree = "<group>"; };
		E95E852B298EF0C50051D834 /* Search.swift */ = {isa = PBXFileReference; lastKnownFileType = sourcecode.swift; path = Search.swift; sourceTree = "<group>"; };
		E98FE1C0299582D800909E8D /* Saikou-Beta-Info.plist */ = {isa = PBXFileReference; lastKnownFileType = text.plist; path = "Saikou-Beta-Info.plist"; sourceTree = SOURCE_ROOT; };
		E98FE1C529959A8F00909E8D /* Notifications.swift */ = {isa = PBXFileReference; lastKnownFileType = sourcecode.swift; path = Notifications.swift; sourceTree = "<group>"; };
		E98FE1CC2999380D00909E8D /* AnilistApiService.swift */ = {isa = PBXFileReference; lastKnownFileType = sourcecode.swift; path = AnilistApiService.swift; sourceTree = "<group>"; };
		E98FE1CE299938B000909E8D /* AnilistRepository.swift */ = {isa = PBXFileReference; lastKnownFileType = sourcecode.swift; path = AnilistRepository.swift; sourceTree = "<group>"; };
		E98FE1D02999398800909E8D /* InfoViewModel.swift */ = {isa = PBXFileReference; lastKnownFileType = sourcecode.swift; path = InfoViewModel.swift; sourceTree = "<group>"; };
		E98FE1D529993AAE00909E8D /* InfoData.swift */ = {isa = PBXFileReference; lastKnownFileType = sourcecode.swift; path = InfoData.swift; sourceTree = "<group>"; };
		E98FE1D729993AD000909E8D /* Title.swift */ = {isa = PBXFileReference; lastKnownFileType = sourcecode.swift; path = Title.swift; sourceTree = "<group>"; };
		E98FE1D929993AE300909E8D /* Date.swift */ = {isa = PBXFileReference; lastKnownFileType = sourcecode.swift; path = Date.swift; sourceTree = "<group>"; };
		E98FE1DB29993AF400909E8D /* AiringDate.swift */ = {isa = PBXFileReference; lastKnownFileType = sourcecode.swift; path = AiringDate.swift; sourceTree = "<group>"; };
		E98FE1DE29993B1400909E8D /* Trailer.swift */ = {isa = PBXFileReference; lastKnownFileType = sourcecode.swift; path = Trailer.swift; sourceTree = "<group>"; };
		E98FE1E029993B2C00909E8D /* Episode.swift */ = {isa = PBXFileReference; lastKnownFileType = sourcecode.swift; path = Episode.swift; sourceTree = "<group>"; };
		E98FE1E229993B3F00909E8D /* Character.swift */ = {isa = PBXFileReference; lastKnownFileType = sourcecode.swift; path = Character.swift; sourceTree = "<group>"; };
		E98FE1E429993B4F00909E8D /* Name.swift */ = {isa = PBXFileReference; lastKnownFileType = sourcecode.swift; path = Name.swift; sourceTree = "<group>"; };
		E98FE1E729993B6900909E8D /* VoiceActor.swift */ = {isa = PBXFileReference; lastKnownFileType = sourcecode.swift; path = VoiceActor.swift; sourceTree = "<group>"; };
		E98FE1E929993B7700909E8D /* Related.swift */ = {isa = PBXFileReference; lastKnownFileType = sourcecode.swift; path = Related.swift; sourceTree = "<group>"; };
		E98FE1EB29993B8500909E8D /* Recommended.swift */ = {isa = PBXFileReference; lastKnownFileType = sourcecode.swift; path = Recommended.swift; sourceTree = "<group>"; };
		E98FE1EE29993B9E00909E8D /* SearchResults.swift */ = {isa = PBXFileReference; lastKnownFileType = sourcecode.swift; path = SearchResults.swift; sourceTree = "<group>"; };
		E98FE1F029993BB700909E8D /* SearchData.swift */ = {isa = PBXFileReference; lastKnownFileType = sourcecode.swift; path = SearchData.swift; sourceTree = "<group>"; };
		E98FE1F32999407F00909E8D /* AnilistFetchError.swift */ = {isa = PBXFileReference; lastKnownFileType = sourcecode.swift; path = AnilistFetchError.swift; sourceTree = "<group>"; };
		E98FE1F52999419A00909E8D /* InfoFetchResult.swift */ = {isa = PBXFileReference; lastKnownFileType = sourcecode.swift; path = InfoFetchResult.swift; sourceTree = "<group>"; };
		E98FE1F7299941E300909E8D /* SearchFetchResult.swift */ = {isa = PBXFileReference; lastKnownFileType = sourcecode.swift; path = SearchFetchResult.swift; sourceTree = "<group>"; };
		E98FE1F92999429800909E8D /* EpisodeFetchResult.swift */ = {isa = PBXFileReference; lastKnownFileType = sourcecode.swift; path = EpisodeFetchResult.swift; sourceTree = "<group>"; };
		E98FE1FB299946CC00909E8D /* SearchViewModel.swift */ = {isa = PBXFileReference; lastKnownFileType = sourcecode.swift; path = SearchViewModel.swift; sourceTree = "<group>"; };
		E98FE1FD299947D800909E8D /* WatchViewModel.swift */ = {isa = PBXFileReference; lastKnownFileType = sourcecode.swift; path = WatchViewModel.swift; sourceTree = "<group>"; };
		E98FE200299948BB00909E8D /* Dropdown.swift */ = {isa = PBXFileReference; lastKnownFileType = sourcecode.swift; path = Dropdown.swift; sourceTree = "<group>"; };
		E98FE20229994FFD00909E8D /* ContinueWatchingCard.swift */ = {isa = PBXFileReference; lastKnownFileType = sourcecode.swift; path = ContinueWatchingCard.swift; sourceTree = "<group>"; };
		E98FE204299950FA00909E8D /* EpisodePaginationChip.swift */ = {isa = PBXFileReference; lastKnownFileType = sourcecode.swift; path = EpisodePaginationChip.swift; sourceTree = "<group>"; };
		E98FE206299952C400909E8D /* EpisodeCard.swift */ = {isa = PBXFileReference; lastKnownFileType = sourcecode.swift; path = EpisodeCard.swift; sourceTree = "<group>"; };
		E98FE208299966C500909E8D /* TopView.swift */ = {isa = PBXFileReference; lastKnownFileType = sourcecode.swift; path = TopView.swift; sourceTree = "<group>"; };
		E98FE20A2999683700909E8D /* FillAspectImage.swift */ = {isa = PBXFileReference; lastKnownFileType = sourcecode.swift; path = FillAspectImage.swift; sourceTree = "<group>"; };
/* End PBXFileReference section */

/* Begin PBXFrameworksBuildPhase section */
		E95E84DF298EA10F0051D834 /* Frameworks */ = {
			isa = PBXFrameworksBuildPhase;
			buildActionMask = 2147483647;
			files = (
				E95E8520298EEBC60051D834 /* ActivityIndicatorView in Frameworks */,
				E95E851D298EEBB10051D834 /* SwiftWebVTT in Frameworks */,
				E95E851A298EEB7E0051D834 /* SwiftUIFontIcon in Frameworks */,
				E95E8515298EE24D0051D834 /* Shimmer in Frameworks */,
				E95E8512298EA1840051D834 /* Kingfisher in Frameworks */,
			);
			runOnlyForDeploymentPostprocessing = 0;
		};
		E95E84F0298EA1100051D834 /* Frameworks */ = {
			isa = PBXFrameworksBuildPhase;
			buildActionMask = 2147483647;
			files = (
			);
			runOnlyForDeploymentPostprocessing = 0;
		};
		E95E84FA298EA1100051D834 /* Frameworks */ = {
			isa = PBXFrameworksBuildPhase;
			buildActionMask = 2147483647;
			files = (
			);
			runOnlyForDeploymentPostprocessing = 0;
		};
/* End PBXFrameworksBuildPhase section */

/* Begin PBXGroup section */
		E95E84D9298EA10F0051D834 = {
			isa = PBXGroup;
			children = (
				E95E84E4298EA10F0051D834 /* Saikou Beta */,
				E95E84F6298EA1100051D834 /* Saikou BetaTests */,
				E95E8500298EA1100051D834 /* Saikou BetaUITests */,
				E95E84E3298EA10F0051D834 /* Products */,
			);
			sourceTree = "<group>";
		};
		E95E84E3298EA10F0051D834 /* Products */ = {
			isa = PBXGroup;
			children = (
				E95E84E2298EA10F0051D834 /* Saikou Beta.app */,
				E95E84F3298EA1100051D834 /* Saikou BetaTests.xctest */,
				E95E84FD298EA1100051D834 /* Saikou BetaUITests.xctest */,
			);
			name = Products;
			sourceTree = "<group>";
		};
		E95E84E4298EA10F0051D834 /* Saikou Beta */ = {
			isa = PBXGroup;
			children = (
				E98FE1FF299948A000909E8D /* Components */,
				E98FE1F22999406A00909E8D /* Errors */,
				E98FE1CB2999379600909E8D /* Services */,
				E98FE1CA2999376B00909E8D /* Repositories */,
				E98FE1C92999375C00909E8D /* Models */,
				E98FE1C82999375600909E8D /* ViewModels */,
				E98FE1C72999374F00909E8D /* Views */,
				E98FE1C0299582D800909E8D /* Saikou-Beta-Info.plist */,
				E95E8521298EECDA0051D834 /* AppDelegate.swift */,
				E95E8522298EECDA0051D834 /* HostingController.swift */,
				E95E8523298EECDA0051D834 /* SceneDelegate.swift */,
				E95E8527298EECFB0051D834 /* DataController.swift */,
				E95E84E9298EA1100051D834 /* Assets.xcassets */,
				E95E84EB298EA1100051D834 /* Saikou_Beta.entitlements */,
				E95E84EC298EA1100051D834 /* Preview Content */,
				E98FE1C529959A8F00909E8D /* Notifications.swift */,
			);
			path = "Saikou Beta";
			sourceTree = "<group>";
		};
		E95E84EC298EA1100051D834 /* Preview Content */ = {
			isa = PBXGroup;
			children = (
				E95E84ED298EA1100051D834 /* Preview Assets.xcassets */,
			);
			path = "Preview Content";
			sourceTree = "<group>";
		};
		E95E84F6298EA1100051D834 /* Saikou BetaTests */ = {
			isa = PBXGroup;
			children = (
				E95E84F7298EA1100051D834 /* Saikou_BetaTests.swift */,
			);
			path = "Saikou BetaTests";
			sourceTree = "<group>";
		};
		E95E8500298EA1100051D834 /* Saikou BetaUITests */ = {
			isa = PBXGroup;
			children = (
				E95E8501298EA1100051D834 /* Saikou_BetaUITests.swift */,
				E95E8503298EA1100051D834 /* Saikou_BetaUITestsLaunchTests.swift */,
			);
			path = "Saikou BetaUITests";
			sourceTree = "<group>";
		};
		E98FE1C72999374F00909E8D /* Views */ = {
			isa = PBXGroup;
			children = (
				E98FE1D429993A4C00909E8D /* Watch */,
				E98FE1D329993A4700909E8D /* Info */,
				E98FE1D229993A4200909E8D /* Home */,
			);
			path = Views;
			sourceTree = "<group>";
		};
		E98FE1C82999375600909E8D /* ViewModels */ = {
			isa = PBXGroup;
			children = (
				E98FE1D02999398800909E8D /* InfoViewModel.swift */,
				E98FE1FB299946CC00909E8D /* SearchViewModel.swift */,
				E98FE1FD299947D800909E8D /* WatchViewModel.swift */,
			);
			path = ViewModels;
			sourceTree = "<group>";
		};
		E98FE1C92999375C00909E8D /* Models */ = {
			isa = PBXGroup;
			children = (
				E98FE1ED29993B9100909E8D /* Search */,
				E98FE1E629993B5400909E8D /* VoiceActor */,
				E98FE1D529993AAE00909E8D /* InfoData.swift */,
				E98FE1D729993AD000909E8D /* Title.swift */,
				E98FE1D929993AE300909E8D /* Date.swift */,
				E98FE1DB29993AF400909E8D /* AiringDate.swift */,
				E98FE1DE29993B1400909E8D /* Trailer.swift */,
				E98FE1E029993B2C00909E8D /* Episode.swift */,
				E98FE1E229993B3F00909E8D /* Character.swift */,
				E98FE1E929993B7700909E8D /* Related.swift */,
				E98FE1EB29993B8500909E8D /* Recommended.swift */,
			);
			path = Models;
			sourceTree = "<group>";
		};
		E98FE1CA2999376B00909E8D /* Repositories */ = {
			isa = PBXGroup;
			children = (
				E98FE1CE299938B000909E8D /* AnilistRepository.swift */,
			);
			path = Repositories;
			sourceTree = "<group>";
		};
		E98FE1CB2999379600909E8D /* Services */ = {
			isa = PBXGroup;
			children = (
				E98FE1CC2999380D00909E8D /* AnilistApiService.swift */,
			);
			path = Services;
			sourceTree = "<group>";
		};
		E98FE1D229993A4200909E8D /* Home */ = {
			isa = PBXGroup;
			children = (
				E95E852B298EF0C50051D834 /* Search.swift */,
			);
			path = Home;
			sourceTree = "<group>";
		};
		E98FE1D329993A4700909E8D /* Info */ = {
			isa = PBXGroup;
			children = (
				E95E84E7298EA10F0051D834 /* Info.swift */,
				E98FE208299966C500909E8D /* TopView.swift */,
			);
			path = Info;
			sourceTree = "<group>";
		};
		E98FE1D429993A4C00909E8D /* Watch */ = {
			isa = PBXGroup;
			children = (
				E95E8516298EEB5F0051D834 /* Watch.swift */,
			);
			path = Watch;
			sourceTree = "<group>";
		};
		E98FE1E629993B5400909E8D /* VoiceActor */ = {
			isa = PBXGroup;
			children = (
				E98FE1E429993B4F00909E8D /* Name.swift */,
				E98FE1E729993B6900909E8D /* VoiceActor.swift */,
			);
			path = VoiceActor;
			sourceTree = "<group>";
		};
		E98FE1ED29993B9100909E8D /* Search */ = {
			isa = PBXGroup;
			children = (
				E98FE1EE29993B9E00909E8D /* SearchResults.swift */,
				E98FE1F029993BB700909E8D /* SearchData.swift */,
			);
			path = Search;
			sourceTree = "<group>";
		};
		E98FE1F22999406A00909E8D /* Errors */ = {
			isa = PBXGroup;
			children = (
				E98FE1F32999407F00909E8D /* AnilistFetchError.swift */,
				E98FE1F52999419A00909E8D /* InfoFetchResult.swift */,
				E98FE1F7299941E300909E8D /* SearchFetchResult.swift */,
				E98FE1F92999429800909E8D /* EpisodeFetchResult.swift */,
			);
			path = Errors;
			sourceTree = "<group>";
		};
		E98FE1FF299948A000909E8D /* Components */ = {
			isa = PBXGroup;
			children = (
				E98FE200299948BB00909E8D /* Dropdown.swift */,
				E98FE20229994FFD00909E8D /* ContinueWatchingCard.swift */,
				E98FE204299950FA00909E8D /* EpisodePaginationChip.swift */,
				E98FE206299952C400909E8D /* EpisodeCard.swift */,
				E98FE20A2999683700909E8D /* FillAspectImage.swift */,
			);
			path = Components;
			sourceTree = "<group>";
		};
/* End PBXGroup section */

/* Begin PBXNativeTarget section */
		E95E84E1298EA10F0051D834 /* Saikou Beta */ = {
			isa = PBXNativeTarget;
			buildConfigurationList = E95E8507298EA1100051D834 /* Build configuration list for PBXNativeTarget "Saikou Beta" */;
			buildPhases = (
				E95E84DE298EA10F0051D834 /* Sources */,
				E95E84DF298EA10F0051D834 /* Frameworks */,
				E95E84E0298EA10F0051D834 /* Resources */,
			);
			buildRules = (
			);
			dependencies = (
			);
			name = "Saikou Beta";
			packageProductDependencies = (
				E95E8511298EA1840051D834 /* Kingfisher */,
				E95E8514298EE24D0051D834 /* Shimmer */,
				E95E8519298EEB7E0051D834 /* SwiftUIFontIcon */,
				E95E851C298EEBB10051D834 /* SwiftWebVTT */,
				E95E851F298EEBC60051D834 /* ActivityIndicatorView */,
			);
			productName = "Saikou Beta";
			productReference = E95E84E2298EA10F0051D834 /* Saikou Beta.app */;
			productType = "com.apple.product-type.application";
		};
		E95E84F2298EA1100051D834 /* Saikou BetaTests */ = {
			isa = PBXNativeTarget;
			buildConfigurationList = E95E850A298EA1100051D834 /* Build configuration list for PBXNativeTarget "Saikou BetaTests" */;
			buildPhases = (
				E95E84EF298EA1100051D834 /* Sources */,
				E95E84F0298EA1100051D834 /* Frameworks */,
				E95E84F1298EA1100051D834 /* Resources */,
			);
			buildRules = (
			);
			dependencies = (
				E95E84F5298EA1100051D834 /* PBXTargetDependency */,
			);
			name = "Saikou BetaTests";
			productName = "Saikou BetaTests";
			productReference = E95E84F3298EA1100051D834 /* Saikou BetaTests.xctest */;
			productType = "com.apple.product-type.bundle.unit-test";
		};
		E95E84FC298EA1100051D834 /* Saikou BetaUITests */ = {
			isa = PBXNativeTarget;
			buildConfigurationList = E95E850D298EA1100051D834 /* Build configuration list for PBXNativeTarget "Saikou BetaUITests" */;
			buildPhases = (
				E95E84F9298EA1100051D834 /* Sources */,
				E95E84FA298EA1100051D834 /* Frameworks */,
				E95E84FB298EA1100051D834 /* Resources */,
			);
			buildRules = (
			);
			dependencies = (
				E95E84FF298EA1100051D834 /* PBXTargetDependency */,
			);
			name = "Saikou BetaUITests";
			productName = "Saikou BetaUITests";
			productReference = E95E84FD298EA1100051D834 /* Saikou BetaUITests.xctest */;
			productType = "com.apple.product-type.bundle.ui-testing";
		};
/* End PBXNativeTarget section */

/* Begin PBXProject section */
		E95E84DA298EA10F0051D834 /* Project object */ = {
			isa = PBXProject;
			attributes = {
				BuildIndependentTargetsInParallel = 1;
				LastSwiftUpdateCheck = 1400;
				LastUpgradeCheck = 1400;
				TargetAttributes = {
					E95E84E1298EA10F0051D834 = {
						CreatedOnToolsVersion = 14.0;
					};
					E95E84F2298EA1100051D834 = {
						CreatedOnToolsVersion = 14.0;
						TestTargetID = E95E84E1298EA10F0051D834;
					};
					E95E84FC298EA1100051D834 = {
						CreatedOnToolsVersion = 14.0;
						TestTargetID = E95E84E1298EA10F0051D834;
					};
				};
			};
			buildConfigurationList = E95E84DD298EA10F0051D834 /* Build configuration list for PBXProject "Saikou Beta" */;
			compatibilityVersion = "Xcode 14.0";
			developmentRegion = en;
			hasScannedForEncodings = 0;
			knownRegions = (
				en,
				Base,
			);
			mainGroup = E95E84D9298EA10F0051D834;
			packageReferences = (
				E95E8510298EA1830051D834 /* XCRemoteSwiftPackageReference "Kingfisher" */,
				E95E8513298EE24D0051D834 /* XCRemoteSwiftPackageReference "SwiftUI-Shimmer" */,
				E95E8518298EEB7E0051D834 /* XCRemoteSwiftPackageReference "SwiftUIFontIcon" */,
				E95E851B298EEBB10051D834 /* XCRemoteSwiftPackageReference "SwiftWebVTT" */,
				E95E851E298EEBC60051D834 /* XCRemoteSwiftPackageReference "ActivityIndicatorView" */,
			);
			productRefGroup = E95E84E3298EA10F0051D834 /* Products */;
			projectDirPath = "";
			projectRoot = "";
			targets = (
				E95E84E1298EA10F0051D834 /* Saikou Beta */,
				E95E84F2298EA1100051D834 /* Saikou BetaTests */,
				E95E84FC298EA1100051D834 /* Saikou BetaUITests */,
			);
		};
/* End PBXProject section */

/* Begin PBXResourcesBuildPhase section */
		E95E84E0298EA10F0051D834 /* Resources */ = {
			isa = PBXResourcesBuildPhase;
			buildActionMask = 2147483647;
			files = (
				E95E84EE298EA1100051D834 /* Preview Assets.xcassets in Resources */,
				E95E84EA298EA1100051D834 /* Assets.xcassets in Resources */,
			);
			runOnlyForDeploymentPostprocessing = 0;
		};
		E95E84F1298EA1100051D834 /* Resources */ = {
			isa = PBXResourcesBuildPhase;
			buildActionMask = 2147483647;
			files = (
			);
			runOnlyForDeploymentPostprocessing = 0;
		};
		E95E84FB298EA1100051D834 /* Resources */ = {
			isa = PBXResourcesBuildPhase;
			buildActionMask = 2147483647;
			files = (
			);
			runOnlyForDeploymentPostprocessing = 0;
		};
/* End PBXResourcesBuildPhase section */

/* Begin PBXSourcesBuildPhase section */
		E95E84DE298EA10F0051D834 /* Sources */ = {
			isa = PBXSourcesBuildPhase;
			buildActionMask = 2147483647;
			files = (
				E98FE1EF29993B9E00909E8D /* SearchResults.swift in Sources */,
				E98FE1F62999419A00909E8D /* InfoFetchResult.swift in Sources */,
				E98FE1FE299947D800909E8D /* WatchViewModel.swift in Sources */,
				E98FE1EA29993B7700909E8D /* Related.swift in Sources */,
				E98FE1EC29993B8500909E8D /* Recommended.swift in Sources */,
				E98FE1C629959A8F00909E8D /* Notifications.swift in Sources */,
				E95E8528298EECFB0051D834 /* DataController.swift in Sources */,
				E98FE207299952C400909E8D /* EpisodeCard.swift in Sources */,
				E95E8525298EECDB0051D834 /* HostingController.swift in Sources */,
				E98FE201299948BB00909E8D /* Dropdown.swift in Sources */,
				E98FE20329994FFD00909E8D /* ContinueWatchingCard.swift in Sources */,
				E98FE1D629993AAE00909E8D /* InfoData.swift in Sources */,
				E95E8524298EECDB0051D834 /* AppDelegate.swift in Sources */,
				E95E84E8298EA10F0051D834 /* Info.swift in Sources */,
				E98FE20B2999683700909E8D /* FillAspectImage.swift in Sources */,
				E98FE1E829993B6900909E8D /* VoiceActor.swift in Sources */,
				E98FE1D12999398800909E8D /* InfoViewModel.swift in Sources */,
				E98FE1E529993B4F00909E8D /* Name.swift in Sources */,
				E98FE1D829993AD000909E8D /* Title.swift in Sources */,
				E98FE1CD2999380D00909E8D /* AnilistApiService.swift in Sources */,
				E98FE1E329993B3F00909E8D /* Character.swift in Sources */,
				E98FE1DA29993AE300909E8D /* Date.swift in Sources */,
				E98FE209299966C500909E8D /* TopView.swift in Sources */,
				E95E8517298EEB5F0051D834 /* Watch.swift in Sources */,
				E98FE1FC299946CC00909E8D /* SearchViewModel.swift in Sources */,
				E98FE1DF29993B1400909E8D /* Trailer.swift in Sources */,
				E98FE205299950FA00909E8D /* EpisodePaginationChip.swift in Sources */,
				E98FE1F42999407F00909E8D /* AnilistFetchError.swift in Sources */,
				E98FE1DC29993AF400909E8D /* AiringDate.swift in Sources */,
				E98FE1FA2999429800909E8D /* EpisodeFetchResult.swift in Sources */,
				E98FE1F129993BB700909E8D /* SearchData.swift in Sources */,
				E98FE1E129993B2C00909E8D /* Episode.swift in Sources */,
				E95E852C298EF0C50051D834 /* Search.swift in Sources */,
				E98FE1CF299938B000909E8D /* AnilistRepository.swift in Sources */,
				E98FE1F8299941E300909E8D /* SearchFetchResult.swift in Sources */,
				E95E8526298EECDB0051D834 /* SceneDelegate.swift in Sources */,
			);
			runOnlyForDeploymentPostprocessing = 0;
		};
		E95E84EF298EA1100051D834 /* Sources */ = {
			isa = PBXSourcesBuildPhase;
			buildActionMask = 2147483647;
			files = (
				E95E84F8298EA1100051D834 /* Saikou_BetaTests.swift in Sources */,
			);
			runOnlyForDeploymentPostprocessing = 0;
		};
		E95E84F9298EA1100051D834 /* Sources */ = {
			isa = PBXSourcesBuildPhase;
			buildActionMask = 2147483647;
			files = (
				E95E8504298EA1100051D834 /* Saikou_BetaUITestsLaunchTests.swift in Sources */,
				E95E8502298EA1100051D834 /* Saikou_BetaUITests.swift in Sources */,
			);
			runOnlyForDeploymentPostprocessing = 0;
		};
/* End PBXSourcesBuildPhase section */

/* Begin PBXTargetDependency section */
		E95E84F5298EA1100051D834 /* PBXTargetDependency */ = {
			isa = PBXTargetDependency;
			target = E95E84E1298EA10F0051D834 /* Saikou Beta */;
			targetProxy = E95E84F4298EA1100051D834 /* PBXContainerItemProxy */;
		};
		E95E84FF298EA1100051D834 /* PBXTargetDependency */ = {
			isa = PBXTargetDependency;
			target = E95E84E1298EA10F0051D834 /* Saikou Beta */;
			targetProxy = E95E84FE298EA1100051D834 /* PBXContainerItemProxy */;
		};
/* End PBXTargetDependency section */

/* Begin XCBuildConfiguration section */
		E95E8505298EA1100051D834 /* Debug */ = {
			isa = XCBuildConfiguration;
			buildSettings = {
				ALWAYS_SEARCH_USER_PATHS = NO;
				CLANG_ANALYZER_NONNULL = YES;
				CLANG_ANALYZER_NUMBER_OBJECT_CONVERSION = YES_AGGRESSIVE;
				CLANG_CXX_LANGUAGE_STANDARD = "gnu++20";
				CLANG_ENABLE_MODULES = YES;
				CLANG_ENABLE_OBJC_ARC = YES;
				CLANG_ENABLE_OBJC_WEAK = YES;
				CLANG_WARN_BLOCK_CAPTURE_AUTORELEASING = YES;
				CLANG_WARN_BOOL_CONVERSION = YES;
				CLANG_WARN_COMMA = YES;
				CLANG_WARN_CONSTANT_CONVERSION = YES;
				CLANG_WARN_DEPRECATED_OBJC_IMPLEMENTATIONS = YES;
				CLANG_WARN_DIRECT_OBJC_ISA_USAGE = YES_ERROR;
				CLANG_WARN_DOCUMENTATION_COMMENTS = YES;
				CLANG_WARN_EMPTY_BODY = YES;
				CLANG_WARN_ENUM_CONVERSION = YES;
				CLANG_WARN_INFINITE_RECURSION = YES;
				CLANG_WARN_INT_CONVERSION = YES;
				CLANG_WARN_NON_LITERAL_NULL_CONVERSION = YES;
				CLANG_WARN_OBJC_IMPLICIT_RETAIN_SELF = YES;
				CLANG_WARN_OBJC_LITERAL_CONVERSION = YES;
				CLANG_WARN_OBJC_ROOT_CLASS = YES_ERROR;
				CLANG_WARN_QUOTED_INCLUDE_IN_FRAMEWORK_HEADER = YES;
				CLANG_WARN_RANGE_LOOP_ANALYSIS = YES;
				CLANG_WARN_STRICT_PROTOTYPES = YES;
				CLANG_WARN_SUSPICIOUS_MOVE = YES;
				CLANG_WARN_UNGUARDED_AVAILABILITY = YES_AGGRESSIVE;
				CLANG_WARN_UNREACHABLE_CODE = YES;
				CLANG_WARN__DUPLICATE_METHOD_MATCH = YES;
				COPY_PHASE_STRIP = NO;
				DEBUG_INFORMATION_FORMAT = dwarf;
				ENABLE_STRICT_OBJC_MSGSEND = YES;
				ENABLE_TESTABILITY = YES;
				GCC_C_LANGUAGE_STANDARD = gnu11;
				GCC_DYNAMIC_NO_PIC = NO;
				GCC_NO_COMMON_BLOCKS = YES;
				GCC_OPTIMIZATION_LEVEL = 0;
				GCC_PREPROCESSOR_DEFINITIONS = (
					"DEBUG=1",
					"$(inherited)",
				);
				GCC_WARN_64_TO_32_BIT_CONVERSION = YES;
				GCC_WARN_ABOUT_RETURN_TYPE = YES_ERROR;
				GCC_WARN_UNDECLARED_SELECTOR = YES;
				GCC_WARN_UNINITIALIZED_AUTOS = YES_AGGRESSIVE;
				GCC_WARN_UNUSED_FUNCTION = YES;
				GCC_WARN_UNUSED_VARIABLE = YES;
				MTL_ENABLE_DEBUG_INFO = INCLUDE_SOURCE;
				MTL_FAST_MATH = YES;
				ONLY_ACTIVE_ARCH = YES;
				SWIFT_ACTIVE_COMPILATION_CONDITIONS = DEBUG;
				SWIFT_OPTIMIZATION_LEVEL = "-Onone";
			};
			name = Debug;
		};
		E95E8506298EA1100051D834 /* Release */ = {
			isa = XCBuildConfiguration;
			buildSettings = {
				ALWAYS_SEARCH_USER_PATHS = NO;
				CLANG_ANALYZER_NONNULL = YES;
				CLANG_ANALYZER_NUMBER_OBJECT_CONVERSION = YES_AGGRESSIVE;
				CLANG_CXX_LANGUAGE_STANDARD = "gnu++20";
				CLANG_ENABLE_MODULES = YES;
				CLANG_ENABLE_OBJC_ARC = YES;
				CLANG_ENABLE_OBJC_WEAK = YES;
				CLANG_WARN_BLOCK_CAPTURE_AUTORELEASING = YES;
				CLANG_WARN_BOOL_CONVERSION = YES;
				CLANG_WARN_COMMA = YES;
				CLANG_WARN_CONSTANT_CONVERSION = YES;
				CLANG_WARN_DEPRECATED_OBJC_IMPLEMENTATIONS = YES;
				CLANG_WARN_DIRECT_OBJC_ISA_USAGE = YES_ERROR;
				CLANG_WARN_DOCUMENTATION_COMMENTS = YES;
				CLANG_WARN_EMPTY_BODY = YES;
				CLANG_WARN_ENUM_CONVERSION = YES;
				CLANG_WARN_INFINITE_RECURSION = YES;
				CLANG_WARN_INT_CONVERSION = YES;
				CLANG_WARN_NON_LITERAL_NULL_CONVERSION = YES;
				CLANG_WARN_OBJC_IMPLICIT_RETAIN_SELF = YES;
				CLANG_WARN_OBJC_LITERAL_CONVERSION = YES;
				CLANG_WARN_OBJC_ROOT_CLASS = YES_ERROR;
				CLANG_WARN_QUOTED_INCLUDE_IN_FRAMEWORK_HEADER = YES;
				CLANG_WARN_RANGE_LOOP_ANALYSIS = YES;
				CLANG_WARN_STRICT_PROTOTYPES = YES;
				CLANG_WARN_SUSPICIOUS_MOVE = YES;
				CLANG_WARN_UNGUARDED_AVAILABILITY = YES_AGGRESSIVE;
				CLANG_WARN_UNREACHABLE_CODE = YES;
				CLANG_WARN__DUPLICATE_METHOD_MATCH = YES;
				COPY_PHASE_STRIP = NO;
				DEBUG_INFORMATION_FORMAT = "dwarf-with-dsym";
				ENABLE_NS_ASSERTIONS = NO;
				ENABLE_STRICT_OBJC_MSGSEND = YES;
				GCC_C_LANGUAGE_STANDARD = gnu11;
				GCC_NO_COMMON_BLOCKS = YES;
				GCC_WARN_64_TO_32_BIT_CONVERSION = YES;
				GCC_WARN_ABOUT_RETURN_TYPE = YES_ERROR;
				GCC_WARN_UNDECLARED_SELECTOR = YES;
				GCC_WARN_UNINITIALIZED_AUTOS = YES_AGGRESSIVE;
				GCC_WARN_UNUSED_FUNCTION = YES;
				GCC_WARN_UNUSED_VARIABLE = YES;
				MTL_ENABLE_DEBUG_INFO = NO;
				MTL_FAST_MATH = YES;
				SWIFT_COMPILATION_MODE = wholemodule;
				SWIFT_OPTIMIZATION_LEVEL = "-O";
			};
			name = Release;
		};
		E95E8508298EA1100051D834 /* Debug */ = {
			isa = XCBuildConfiguration;
			buildSettings = {
				ASSETCATALOG_COMPILER_APPICON_NAME = AppIcon;
				ASSETCATALOG_COMPILER_GLOBAL_ACCENT_COLOR_NAME = AccentColor;
				CODE_SIGN_ENTITLEMENTS = "Saikou Beta/Saikou_Beta.entitlements";
				CODE_SIGN_STYLE = Automatic;
				CURRENT_PROJECT_VERSION = 1;
				DEVELOPMENT_ASSET_PATHS = "\"Saikou Beta/Preview Content\"";
				DEVELOPMENT_TEAM = A9QQBWPHB7;
				ENABLE_HARDENED_RUNTIME = YES;
				ENABLE_PREVIEWS = YES;
				GENERATE_INFOPLIST_FILE = YES;
				INFOPLIST_FILE = "Saikou-Beta-Info.plist";
				INFOPLIST_KEY_CFBundleDisplayName = "Saikou S";
				"INFOPLIST_KEY_UIApplicationSceneManifest_Generation[sdk=iphoneos*]" = YES;
				"INFOPLIST_KEY_UIApplicationSceneManifest_Generation[sdk=iphonesimulator*]" = YES;
				"INFOPLIST_KEY_UIApplicationSupportsIndirectInputEvents[sdk=iphoneos*]" = YES;
				"INFOPLIST_KEY_UIApplicationSupportsIndirectInputEvents[sdk=iphonesimulator*]" = YES;
				"INFOPLIST_KEY_UILaunchScreen_Generation[sdk=iphoneos*]" = YES;
				"INFOPLIST_KEY_UILaunchScreen_Generation[sdk=iphonesimulator*]" = YES;
				"INFOPLIST_KEY_UIStatusBarStyle[sdk=iphoneos*]" = UIStatusBarStyleDefault;
				"INFOPLIST_KEY_UIStatusBarStyle[sdk=iphonesimulator*]" = UIStatusBarStyleDefault;
				INFOPLIST_KEY_UISupportedInterfaceOrientations_iPad = "UIInterfaceOrientationPortrait UIInterfaceOrientationPortraitUpsideDown UIInterfaceOrientationLandscapeLeft UIInterfaceOrientationLandscapeRight";
				INFOPLIST_KEY_UISupportedInterfaceOrientations_iPhone = "UIInterfaceOrientationPortrait UIInterfaceOrientationLandscapeLeft UIInterfaceOrientationLandscapeRight";
				INFOPLIST_KEY_UIUserInterfaceStyle = Dark;
				IPHONEOS_DEPLOYMENT_TARGET = 15.0;
				LD_RUNPATH_SEARCH_PATHS = "@executable_path/Frameworks";
				"LD_RUNPATH_SEARCH_PATHS[sdk=macosx*]" = "@executable_path/../Frameworks";
				MACOSX_DEPLOYMENT_TARGET = 12.3;
				MARKETING_VERSION = 1.0;
				PRODUCT_BUNDLE_IDENTIFIER = "com.inumaki.Saikou-Beta";
				PRODUCT_NAME = "$(TARGET_NAME)";
				SDKROOT = auto;
				SUPPORTED_PLATFORMS = "iphoneos iphonesimulator macosx";
				SWIFT_EMIT_LOC_STRINGS = YES;
				SWIFT_VERSION = 5.0;
				TARGETED_DEVICE_FAMILY = "1,2";
			};
			name = Debug;
		};
		E95E8509298EA1100051D834 /* Release */ = {
			isa = XCBuildConfiguration;
			buildSettings = {
				ASSETCATALOG_COMPILER_APPICON_NAME = AppIcon;
				ASSETCATALOG_COMPILER_GLOBAL_ACCENT_COLOR_NAME = AccentColor;
				CODE_SIGN_ENTITLEMENTS = "Saikou Beta/Saikou_Beta.entitlements";
				CODE_SIGN_STYLE = Automatic;
				CURRENT_PROJECT_VERSION = 1;
				DEVELOPMENT_ASSET_PATHS = "\"Saikou Beta/Preview Content\"";
				DEVELOPMENT_TEAM = A9QQBWPHB7;
				ENABLE_HARDENED_RUNTIME = YES;
				ENABLE_PREVIEWS = YES;
				GENERATE_INFOPLIST_FILE = YES;
				INFOPLIST_FILE = "Saikou-Beta-Info.plist";
				INFOPLIST_KEY_CFBundleDisplayName = "Saikou S";
				"INFOPLIST_KEY_UIApplicationSceneManifest_Generation[sdk=iphoneos*]" = YES;
				"INFOPLIST_KEY_UIApplicationSceneManifest_Generation[sdk=iphonesimulator*]" = YES;
				"INFOPLIST_KEY_UIApplicationSupportsIndirectInputEvents[sdk=iphoneos*]" = YES;
				"INFOPLIST_KEY_UIApplicationSupportsIndirectInputEvents[sdk=iphonesimulator*]" = YES;
				"INFOPLIST_KEY_UILaunchScreen_Generation[sdk=iphoneos*]" = YES;
				"INFOPLIST_KEY_UILaunchScreen_Generation[sdk=iphonesimulator*]" = YES;
				"INFOPLIST_KEY_UIStatusBarStyle[sdk=iphoneos*]" = UIStatusBarStyleDefault;
				"INFOPLIST_KEY_UIStatusBarStyle[sdk=iphonesimulator*]" = UIStatusBarStyleDefault;
				INFOPLIST_KEY_UISupportedInterfaceOrientations_iPad = "UIInterfaceOrientationPortrait UIInterfaceOrientationPortraitUpsideDown UIInterfaceOrientationLandscapeLeft UIInterfaceOrientationLandscapeRight";
				INFOPLIST_KEY_UISupportedInterfaceOrientations_iPhone = "UIInterfaceOrientationPortrait UIInterfaceOrientationLandscapeLeft UIInterfaceOrientationLandscapeRight";
				INFOPLIST_KEY_UIUserInterfaceStyle = Dark;
				IPHONEOS_DEPLOYMENT_TARGET = 15.0;
				LD_RUNPATH_SEARCH_PATHS = "@executable_path/Frameworks";
				"LD_RUNPATH_SEARCH_PATHS[sdk=macosx*]" = "@executable_path/../Frameworks";
				MACOSX_DEPLOYMENT_TARGET = 12.3;
				MARKETING_VERSION = 1.0;
				PRODUCT_BUNDLE_IDENTIFIER = "com.inumaki.Saikou-Beta";
				PRODUCT_NAME = "$(TARGET_NAME)";
				SDKROOT = auto;
				SUPPORTED_PLATFORMS = "iphoneos iphonesimulator macosx";
				SWIFT_EMIT_LOC_STRINGS = YES;
				SWIFT_VERSION = 5.0;
				TARGETED_DEVICE_FAMILY = "1,2";
			};
			name = Release;
		};
		E95E850B298EA1100051D834 /* Debug */ = {
			isa = XCBuildConfiguration;
			buildSettings = {
				ALWAYS_EMBED_SWIFT_STANDARD_LIBRARIES = YES;
				BUNDLE_LOADER = "$(TEST_HOST)";
				CODE_SIGN_STYLE = Automatic;
				CURRENT_PROJECT_VERSION = 1;
				DEVELOPMENT_TEAM = A9QQBWPHB7;
				GENERATE_INFOPLIST_FILE = YES;
				IPHONEOS_DEPLOYMENT_TARGET = 16.0;
				MACOSX_DEPLOYMENT_TARGET = 12.3;
				MARKETING_VERSION = 1.0;
				PRODUCT_BUNDLE_IDENTIFIER = "com.inumaki.Saikou-BetaTests";
				PRODUCT_NAME = "$(TARGET_NAME)";
				SDKROOT = auto;
				SUPPORTED_PLATFORMS = "iphoneos iphonesimulator macosx";
				SWIFT_EMIT_LOC_STRINGS = NO;
				SWIFT_VERSION = 5.0;
				TARGETED_DEVICE_FAMILY = "1,2";
				TEST_HOST = "$(BUILT_PRODUCTS_DIR)/Saikou Beta.app/$(BUNDLE_EXECUTABLE_FOLDER_PATH)/Saikou Beta";
			};
			name = Debug;
		};
		E95E850C298EA1100051D834 /* Release */ = {
			isa = XCBuildConfiguration;
			buildSettings = {
				ALWAYS_EMBED_SWIFT_STANDARD_LIBRARIES = YES;
				BUNDLE_LOADER = "$(TEST_HOST)";
				CODE_SIGN_STYLE = Automatic;
				CURRENT_PROJECT_VERSION = 1;
				DEVELOPMENT_TEAM = A9QQBWPHB7;
				GENERATE_INFOPLIST_FILE = YES;
				IPHONEOS_DEPLOYMENT_TARGET = 16.0;
				MACOSX_DEPLOYMENT_TARGET = 12.3;
				MARKETING_VERSION = 1.0;
				PRODUCT_BUNDLE_IDENTIFIER = "com.inumaki.Saikou-BetaTests";
				PRODUCT_NAME = "$(TARGET_NAME)";
				SDKROOT = auto;
				SUPPORTED_PLATFORMS = "iphoneos iphonesimulator macosx";
				SWIFT_EMIT_LOC_STRINGS = NO;
				SWIFT_VERSION = 5.0;
				TARGETED_DEVICE_FAMILY = "1,2";
				TEST_HOST = "$(BUILT_PRODUCTS_DIR)/Saikou Beta.app/$(BUNDLE_EXECUTABLE_FOLDER_PATH)/Saikou Beta";
			};
			name = Release;
		};
		E95E850E298EA1100051D834 /* Debug */ = {
			isa = XCBuildConfiguration;
			buildSettings = {
				ALWAYS_EMBED_SWIFT_STANDARD_LIBRARIES = YES;
				CODE_SIGN_STYLE = Automatic;
				CURRENT_PROJECT_VERSION = 1;
				DEVELOPMENT_TEAM = A9QQBWPHB7;
				GENERATE_INFOPLIST_FILE = YES;
				IPHONEOS_DEPLOYMENT_TARGET = 16.0;
				MACOSX_DEPLOYMENT_TARGET = 12.3;
				MARKETING_VERSION = 1.0;
				PRODUCT_BUNDLE_IDENTIFIER = "com.inumaki.Saikou-BetaUITests";
				PRODUCT_NAME = "$(TARGET_NAME)";
				SDKROOT = auto;
				SUPPORTED_PLATFORMS = "iphoneos iphonesimulator macosx";
				SWIFT_EMIT_LOC_STRINGS = NO;
				SWIFT_VERSION = 5.0;
				TARGETED_DEVICE_FAMILY = "1,2";
				TEST_TARGET_NAME = "Saikou Beta";
			};
			name = Debug;
		};
		E95E850F298EA1100051D834 /* Release */ = {
			isa = XCBuildConfiguration;
			buildSettings = {
				ALWAYS_EMBED_SWIFT_STANDARD_LIBRARIES = YES;
				CODE_SIGN_STYLE = Automatic;
				CURRENT_PROJECT_VERSION = 1;
				DEVELOPMENT_TEAM = A9QQBWPHB7;
				GENERATE_INFOPLIST_FILE = YES;
				IPHONEOS_DEPLOYMENT_TARGET = 16.0;
				MACOSX_DEPLOYMENT_TARGET = 12.3;
				MARKETING_VERSION = 1.0;
				PRODUCT_BUNDLE_IDENTIFIER = "com.inumaki.Saikou-BetaUITests";
				PRODUCT_NAME = "$(TARGET_NAME)";
				SDKROOT = auto;
				SUPPORTED_PLATFORMS = "iphoneos iphonesimulator macosx";
				SWIFT_EMIT_LOC_STRINGS = NO;
				SWIFT_VERSION = 5.0;
				TARGETED_DEVICE_FAMILY = "1,2";
				TEST_TARGET_NAME = "Saikou Beta";
			};
			name = Release;
		};
/* End XCBuildConfiguration section */

/* Begin XCConfigurationList section */
		E95E84DD298EA10F0051D834 /* Build configuration list for PBXProject "Saikou Beta" */ = {
			isa = XCConfigurationList;
			buildConfigurations = (
				E95E8505298EA1100051D834 /* Debug */,
				E95E8506298EA1100051D834 /* Release */,
			);
			defaultConfigurationIsVisible = 0;
			defaultConfigurationName = Release;
		};
		E95E8507298EA1100051D834 /* Build configuration list for PBXNativeTarget "Saikou Beta" */ = {
			isa = XCConfigurationList;
			buildConfigurations = (
				E95E8508298EA1100051D834 /* Debug */,
				E95E8509298EA1100051D834 /* Release */,
			);
			defaultConfigurationIsVisible = 0;
			defaultConfigurationName = Release;
		};
		E95E850A298EA1100051D834 /* Build configuration list for PBXNativeTarget "Saikou BetaTests" */ = {
			isa = XCConfigurationList;
			buildConfigurations = (
				E95E850B298EA1100051D834 /* Debug */,
				E95E850C298EA1100051D834 /* Release */,
			);
			defaultConfigurationIsVisible = 0;
			defaultConfigurationName = Release;
		};
		E95E850D298EA1100051D834 /* Build configuration list for PBXNativeTarget "Saikou BetaUITests" */ = {
			isa = XCConfigurationList;
			buildConfigurations = (
				E95E850E298EA1100051D834 /* Debug */,
				E95E850F298EA1100051D834 /* Release */,
			);
			defaultConfigurationIsVisible = 0;
			defaultConfigurationName = Release;
		};
/* End XCConfigurationList section */

/* Begin XCRemoteSwiftPackageReference section */
		E95E8510298EA1830051D834 /* XCRemoteSwiftPackageReference "Kingfisher" */ = {
			isa = XCRemoteSwiftPackageReference;
			repositoryURL = "https://github.com/onevcat/Kingfisher";
			requirement = {
				branch = master;
				kind = branch;
			};
		};
		E95E8513298EE24D0051D834 /* XCRemoteSwiftPackageReference "SwiftUI-Shimmer" */ = {
			isa = XCRemoteSwiftPackageReference;
			repositoryURL = "https://github.com/markiv/SwiftUI-Shimmer.git";
			requirement = {
				branch = main;
				kind = branch;
			};
		};
		E95E8518298EEB7E0051D834 /* XCRemoteSwiftPackageReference "SwiftUIFontIcon" */ = {
			isa = XCRemoteSwiftPackageReference;
			repositoryURL = "https://github.com/huybuidac/SwiftUIFontIcon";
			requirement = {
				branch = master;
				kind = branch;
			};
		};
		E95E851B298EEBB10051D834 /* XCRemoteSwiftPackageReference "SwiftWebVTT" */ = {
			isa = XCRemoteSwiftPackageReference;
			repositoryURL = "https://github.com/thisIsTheFoxe/SwiftWebVTT";
			requirement = {
				branch = main;
				kind = branch;
			};
		};
		E95E851E298EEBC60051D834 /* XCRemoteSwiftPackageReference "ActivityIndicatorView" */ = {
			isa = XCRemoteSwiftPackageReference;
			repositoryURL = "https://github.com/exyte/ActivityIndicatorView.git";
			requirement = {
				branch = master;
				kind = branch;
			};
		};
/* End XCRemoteSwiftPackageReference section */

/* Begin XCSwiftPackageProductDependency section */
		E95E8511298EA1840051D834 /* Kingfisher */ = {
			isa = XCSwiftPackageProductDependency;
			package = E95E8510298EA1830051D834 /* XCRemoteSwiftPackageReference "Kingfisher" */;
			productName = Kingfisher;
		};
		E95E8514298EE24D0051D834 /* Shimmer */ = {
			isa = XCSwiftPackageProductDependency;
			package = E95E8513298EE24D0051D834 /* XCRemoteSwiftPackageReference "SwiftUI-Shimmer" */;
			productName = Shimmer;
		};
		E95E8519298EEB7E0051D834 /* SwiftUIFontIcon */ = {
			isa = XCSwiftPackageProductDependency;
			package = E95E8518298EEB7E0051D834 /* XCRemoteSwiftPackageReference "SwiftUIFontIcon" */;
			productName = SwiftUIFontIcon;
		};
		E95E851C298EEBB10051D834 /* SwiftWebVTT */ = {
			isa = XCSwiftPackageProductDependency;
			package = E95E851B298EEBB10051D834 /* XCRemoteSwiftPackageReference "SwiftWebVTT" */;
			productName = SwiftWebVTT;
		};
		E95E851F298EEBC60051D834 /* ActivityIndicatorView */ = {
			isa = XCSwiftPackageProductDependency;
			package = E95E851E298EEBC60051D834 /* XCRemoteSwiftPackageReference "ActivityIndicatorView" */;
			productName = ActivityIndicatorView;
		};
/* End XCSwiftPackageProductDependency section */
	};
	rootObject = E95E84DA298EA10F0051D834 /* Project object */;
}
